
Microsoft Visual Studio Solution File, Format Version 12.00
# Visual Studio Version 16
VisualStudioVersion = 16.0.30114.105
MinimumVisualStudioVersion = 10.0.40219.1
Project("{FAE04EC0-301F-11D3-BF4B-00C04F79EFBC}") = "WebServiceProvider", "WebServiceProvider\WebServiceProvider.csproj", "{893004D3-708A-44FA-ABBC-331AB20657ED}"
EndProject
Global
	GlobalSection(SolutionConfigurationPlatforms) = preSolution
		Debug|Any CPU = Debug|Any CPU
		Release|Any CPU = Release|Any CPU
	EndGlobalSection
	GlobalSection(ProjectConfigurationPlatforms) = postSolution
		{893004D3-708A-44FA-ABBC-331AB20657ED}.Debug|Any CPU.ActiveCfg = Debug|Any CPU
		{893004D3-708A-44FA-ABBC-331AB20657ED}.Debug|Any CPU.Build.0 = Debug|Any CPU
		{893004D3-708A-44FA-ABBC-331AB20657ED}.Release|Any CPU.ActiveCfg = Release|Any CPU
		{893004D3-708A-44FA-ABBC-331AB20657ED}.Release|Any CPU.Build.0 = Release|Any CPU
	EndGlobalSection
	GlobalSection(SolutionProperties) = preSolution
		HideSolutionNode = FALSE
	EndGlobalSection
	GlobalSection(ExtensibilityGlobals) = postSolution
		SolutionGuid = {6A29A606-CCAC-4B36-B6B6-F951E4617F52}
	EndGlobalSection
EndGlobal
